
Microsoft Visual Studio Solution File, Format Version 12.00
# Visual Studio 15
VisualStudioVersion = 15.0.27130.2003
MinimumVisualStudioVersion = 10.0.40219.1
Project("{FAE04EC0-301F-11D3-BF4B-00C04F79EFBC}") = "1. One-dimensional array", "1. One-dimensional array\1. One-dimensional array.csproj", "{8FB0AA0B-0B45-46BB-AE72-56AA39A35003}"
EndProject
Project("{FAE04EC0-301F-11D3-BF4B-00C04F79EFBC}") = "2. Average", "Average\2. Average.csproj", "{1E07DEEF-094E-4E20-82AD-715707B758C8}"
EndProject
Project("{FAE04EC0-301F-11D3-BF4B-00C04F79EFBC}") = "3. Array class methods", "Array class methods\3. Array class methods.csproj", "{743BD175-D3AD-4BCC-93B1-E50C6266F0D2}"
EndProject
Project("{FAE04EC0-301F-11D3-BF4B-00C04F79EFBC}") = "4. Two-dimensional array", "Two-dimensional array\4. Two-dimensional array.csproj", "{9F10AD29-5D6B-484C-BA1A-9662EBFEA9C9}"
EndProject
Project("{FAE04EC0-301F-11D3-BF4B-00C04F79EFBC}") = "5. Jagged array", "jagged array\5. Jagged array.csproj", "{540525DA-0C31-43B2-A0BC-9584E36DA22C}"
EndProject
Project("{FAE04EC0-301F-11D3-BF4B-00C04F79EFBC}") = "6. Cycle Foreach", "Cycle Foreach\6. Cycle Foreach.csproj", "{FC19C6C1-49F7-4697-80F1-1A4A62C39A10}"
EndProject
Project("{FAE04EC0-301F-11D3-BF4B-00C04F79EFBC}") = "7. Object String", "Object String\7. Object String.csproj", "{86534193-E38D-4877-84F3-BAE0035B1C7F}"
EndProject
Global
	GlobalSection(SolutionConfigurationPlatforms) = preSolution
		Debug|Any CPU = Debug|Any CPU
		Release|Any CPU = Release|Any CPU
	EndGlobalSection
	GlobalSection(ProjectConfigurationPlatforms) = postSolution
		{8FB0AA0B-0B45-46BB-AE72-56AA39A35003}.Debug|Any CPU.ActiveCfg = Debug|Any CPU
		{8FB0AA0B-0B45-46BB-AE72-56AA39A35003}.Debug|Any CPU.Build.0 = Debug|Any CPU
		{8FB0AA0B-0B45-46BB-AE72-56AA39A35003}.Release|Any CPU.ActiveCfg = Release|Any CPU
		{8FB0AA0B-0B45-46BB-AE72-56AA39A35003}.Release|Any CPU.Build.0 = Release|Any CPU
		{1E07DEEF-094E-4E20-82AD-715707B758C8}.Debug|Any CPU.ActiveCfg = Debug|Any CPU
		{1E07DEEF-094E-4E20-82AD-715707B758C8}.Debug|Any CPU.Build.0 = Debug|Any CPU
		{1E07DEEF-094E-4E20-82AD-715707B758C8}.Release|Any CPU.ActiveCfg = Release|Any CPU
		{1E07DEEF-094E-4E20-82AD-715707B758C8}.Release|Any CPU.Build.0 = Release|Any CPU
		{743BD175-D3AD-4BCC-93B1-E50C6266F0D2}.Debug|Any CPU.ActiveCfg = Debug|Any CPU
		{743BD175-D3AD-4BCC-93B1-E50C6266F0D2}.Debug|Any CPU.Build.0 = Debug|Any CPU
		{743BD175-D3AD-4BCC-93B1-E50C6266F0D2}.Release|Any CPU.ActiveCfg = Release|Any CPU
		{743BD175-D3AD-4BCC-93B1-E50C6266F0D2}.Release|Any CPU.Build.0 = Release|Any CPU
		{9F10AD29-5D6B-484C-BA1A-9662EBFEA9C9}.Debug|Any CPU.ActiveCfg = Debug|Any CPU
		{9F10AD29-5D6B-484C-BA1A-9662EBFEA9C9}.Debug|Any CPU.Build.0 = Debug|Any CPU
		{9F10AD29-5D6B-484C-BA1A-9662EBFEA9C9}.Release|Any CPU.ActiveCfg = Release|Any CPU
		{9F10AD29-5D6B-484C-BA1A-9662EBFEA9C9}.Release|Any CPU.Build.0 = Release|Any CPU
		{540525DA-0C31-43B2-A0BC-9584E36DA22C}.Debug|Any CPU.ActiveCfg = Debug|Any CPU
		{540525DA-0C31-43B2-A0BC-9584E36DA22C}.Debug|Any CPU.Build.0 = Debug|Any CPU
		{540525DA-0C31-43B2-A0BC-9584E36DA22C}.Release|Any CPU.ActiveCfg = Release|Any CPU
		{540525DA-0C31-43B2-A0BC-9584E36DA22C}.Release|Any CPU.Build.0 = Release|Any CPU
		{FC19C6C1-49F7-4697-80F1-1A4A62C39A10}.Debug|Any CPU.ActiveCfg = Debug|Any CPU
		{FC19C6C1-49F7-4697-80F1-1A4A62C39A10}.Debug|Any CPU.Build.0 = Debug|Any CPU
		{FC19C6C1-49F7-4697-80F1-1A4A62C39A10}.Release|Any CPU.ActiveCfg = Release|Any CPU
		{FC19C6C1-49F7-4697-80F1-1A4A62C39A10}.Release|Any CPU.Build.0 = Release|Any CPU
		{86534193-E38D-4877-84F3-BAE0035B1C7F}.Debug|Any CPU.ActiveCfg = Debug|Any CPU
		{86534193-E38D-4877-84F3-BAE0035B1C7F}.Debug|Any CPU.Build.0 = Debug|Any CPU
		{86534193-E38D-4877-84F3-BAE0035B1C7F}.Release|Any CPU.ActiveCfg = Release|Any CPU
		{86534193-E38D-4877-84F3-BAE0035B1C7F}.Release|Any CPU.Build.0 = Release|Any CPU
	EndGlobalSection
	GlobalSection(SolutionProperties) = preSolution
		HideSolutionNode = FALSE
	EndGlobalSection
	GlobalSection(ExtensibilityGlobals) = postSolution
		SolutionGuid = {F426C499-BE47-41D5-B2DA-CF44A802D454}
	EndGlobalSection
EndGlobal
